Microsoft Visual Studio Solution File, Format Version 12.00
# Visual Studio Version 17
VisualStudioVersion = 17.5.2.0
MinimumVisualStudioVersion = 10.0.40219.1
Project("{FAE04EC0-301F-11D3-BF4B-00C04F79EFBC}") = "LeHub", "LeHub.csproj", "{CAC52AF4-9835-659A-3D62-EBB8222C800D}"
EndProject
Global
	GlobalSection(SolutionConfigurationPlatforms) = preSolution
		Debug|Any CPU = Debug|Any CPU
		Release|Any CPU = Release|Any CPU
	EndGlobalSection
	GlobalSection(ProjectConfigurationPlatforms) = postSolution
		{CAC52AF4-9835-659A-3D62-EBB8222C800D}.Debug|Any CPU.ActiveCfg = Debug|Any CPU
		{CAC52AF4-9835-659A-3D62-EBB8222C800D}.Debug|Any CPU.Build.0 = Debug|Any CPU
		{CAC52AF4-9835-659A-3D62-EBB8222C800D}.Release|Any CPU.ActiveCfg = Release|Any CPU
		{CAC52AF4-9835-659A-3D62-EBB8222C800D}.Release|Any CPU.Build.0 = Release|Any CPU
	EndGlobalSection
	GlobalSection(SolutionProperties) = preSolution
		HideSolutionNode = FALSE
	EndGlobalSection
	GlobalSection(ExtensibilityGlobals) = postSolution
		SolutionGuid = {AAB0EE15-B4EB-4FF6-8580-646666345C3A}
	EndGlobalSection
EndGlobal
